# THIS IS AN AUTOGENERATED FILE. DO NOT EDIT THIS FILE DIRECTLY.
# yarn lockfile v1


ngx-drag-drop@^14.0.0:
  version "14.0.0"
  resolved "https://registry.yarnpkg.com/ngx-drag-drop/-/ngx-drag-drop-14.0.0.tgz#93b4643478f5a1eeab6dd207d698e09e4bdbb0ab"
  integrity sha512-Xo9ma9dbHiYlLkfSB5+L6LTV+mWMZTnSmX5jBhtl6vTjpOs8t+pyMe60ye2zqv8qEfNZKw8z2+6lKjSSyn82pA==
  dependencies:
    tslib "^2.3.0"

tslib@^2.3.0:
  version "2.4.1"
  resolved "https://registry.yarnpkg.com/tslib/-/tslib-2.4.1.tgz#0d0bfbaac2880b91e22df0768e55be9753a5b17e"
  integrity sha512-tGyy4dAjRIEwI7BzsB0lynWgOpfqjUdq91XXAlIWD2OwKBH7oCl/GZG/HT4BOHrTlPMOASlMQ7veyTqpmRcrNA==
